
Microsoft Visual Studio Solution File, Format Version 12.00
# Visual Studio 14
VisualStudioVersion = 14.0.25420.1
MinimumVisualStudioVersion = 10.0.40219.1
Project("{FAE04EC0-301F-11D3-BF4B-00C04F79EFBC}") = "YSN2017", "YSN2017.csproj", "{F81A8FD1-C554-49B5-837C-D2D5EF2C9A2B}"
EndProject
Global
	GlobalSection(SolutionConfigurationPlatforms) = preSolution
		Debug|Any CPU = Debug|Any CPU
		Release|Any CPU = Release|Any CPU
	EndGlobalSection
	GlobalSection(ProjectConfigurationPlatforms) = postSolution
		{F81A8FD1-C554-49B5-837C-D2D5EF2C9A2B}.Debug|Any CPU.ActiveCfg = Debug|Any CPU
		{F81A8FD1-C554-49B5-837C-D2D5EF2C9A2B}.Debug|Any CPU.Build.0 = Debug|Any CPU
		{F81A8FD1-C554-49B5-837C-D2D5EF2C9A2B}.Release|Any CPU.ActiveCfg = Debug|Any CPU
		{F81A8FD1-C554-49B5-837C-D2D5EF2C9A2B}.Release|Any CPU.Build.0 = Debug|Any CPU
	EndGlobalSection
	GlobalSection(SolutionProperties) = preSolution
		HideSolutionNode = FALSE
	EndGlobalSection
EndGlobal
